
Microsoft Visual Studio Solution File, Format Version 12.00
Project("{FAE04EC0-301F-11D3-BF4B-00C04F79EFBC}") = "DimaaghkiDahi1", "DimaaghkiDahi1\DimaaghkiDahi1.csproj", "{1086C258-B6A8-4764-8725-F633B442830D}"
EndProject
Global
	GlobalSection(SolutionConfigurationPlatforms) = preSolution
		Debug|Any CPU = Debug|Any CPU
		Release|Any CPU = Release|Any CPU
	EndGlobalSection
	GlobalSection(ProjectConfigurationPlatforms) = postSolution
		{1086C258-B6A8-4764-8725-F633B442830D}.Debug|Any CPU.ActiveCfg = Debug|Any CPU
		{1086C258-B6A8-4764-8725-F633B442830D}.Debug|Any CPU.Build.0 = Debug|Any CPU
		{1086C258-B6A8-4764-8725-F633B442830D}.Release|Any CPU.ActiveCfg = Release|Any CPU
		{1086C258-B6A8-4764-8725-F633B442830D}.Release|Any CPU.Build.0 = Release|Any CPU
	EndGlobalSection
EndGlobal
